
Microsoft Visual Studio Solution File, Format Version 12.00
# Visual Studio 15
VisualStudioVersion = 15.0.28307.489
MinimumVisualStudioVersion = 10.0.40219.1
Project("{FAE04EC0-301F-11D3-BF4B-00C04F79EFBC}") = "DespatchBay-DE", "DespatchBay-DE\DespatchBay-DE.csproj", "{DED290A4-7436-441E-8EFF-1F81C090B516}"
EndProject
Project("{2150E333-8FDC-42A3-9474-1A3956D46DE8}") = "Solution Items", "Solution Items", "{82CC7133-8CDD-4D62-9B7C-8F3249D74BEA}"
	ProjectSection(SolutionItems) = preProject
		KeyFile.txt = KeyFile.txt
	EndProjectSection
EndProject
Global
	GlobalSection(SolutionConfigurationPlatforms) = preSolution
		Debug|Any CPU = Debug|Any CPU
		Release|Any CPU = Release|Any CPU
	EndGlobalSection
	GlobalSection(ProjectConfigurationPlatforms) = postSolution
		{DED290A4-7436-441E-8EFF-1F81C090B516}.Debug|Any CPU.ActiveCfg = Debug|Any CPU
		{DED290A4-7436-441E-8EFF-1F81C090B516}.Debug|Any CPU.Build.0 = Debug|Any CPU
		{DED290A4-7436-441E-8EFF-1F81C090B516}.Release|Any CPU.ActiveCfg = Release|Any CPU
		{DED290A4-7436-441E-8EFF-1F81C090B516}.Release|Any CPU.Build.0 = Release|Any CPU
	EndGlobalSection
	GlobalSection(SolutionProperties) = preSolution
		HideSolutionNode = FALSE
	EndGlobalSection
	GlobalSection(ExtensibilityGlobals) = postSolution
		SolutionGuid = {38BA0876-24BB-4505-8867-9CBEFBA35F17}
	EndGlobalSection
EndGlobal
